Microsoft Visual Studio Solution File, Format Version 12.00
# Visual Studio Version 17
VisualStudioVersion = 17.0.31903.59
MinimumVisualStudioVersion = 10.0.40219.1
Project("{FAE04EC0-301F-11D3-BF4B-00C04F79EFBC}") = "MedNote.Core", "src\MedNote.Core\MedNote.Core.csproj", "{295C4925-F4C2-4420-9DF4-FC4B114E620F}"
EndProject
Project("{FAE04EC0-301F-11D3-BF4B-00C04F79EFBC}") = "MedNote.Windows.App", "src\MedNote.Windows.App\MedNote.Windows.App.csproj", "{0FDAC882-BAB1-4895-875D-A75F963E66A8}"
EndProject
Project("{FAE04EC0-301F-11D3-BF4B-00C04F79EFBC}") = "MedNote.Core.Tests", "tests\MedNote.Core.Tests\MedNote.Core.Tests.csproj", "{FC80B39E-52EC-44D0-9C26-589534F5036E}"
EndProject
Global
	GlobalSection(SolutionConfigurationPlatforms) = preSolution
		Debug|x64 = Debug|x64
		Release|x64 = Release|x64
	EndGlobalSection
	GlobalSection(ProjectConfigurationPlatforms) = postSolution
		{295C4925-F4C2-4420-9DF4-FC4B114E620F}.Debug|x64.ActiveCfg = Debug|Any CPU
		{295C4925-F4C2-4420-9DF4-FC4B114E620F}.Debug|x64.Build.0 = Debug|Any CPU
		{295C4925-F4C2-4420-9DF4-FC4B114E620F}.Release|x64.ActiveCfg = Release|Any CPU
		{295C4925-F4C2-4420-9DF4-FC4B114E620F}.Release|x64.Build.0 = Release|Any CPU
		{0FDAC882-BAB1-4895-875D-A75F963E66A8}.Debug|x64.ActiveCfg = Debug|x64
		{0FDAC882-BAB1-4895-875D-A75F963E66A8}.Debug|x64.Build.0 = Debug|x64
		{0FDAC882-BAB1-4895-875D-A75F963E66A8}.Release|x64.ActiveCfg = Release|x64
		{0FDAC882-BAB1-4895-875D-A75F963E66A8}.Release|x64.Build.0 = Release|x64
		{FC80B39E-52EC-44D0-9C26-589534F5036E}.Debug|x64.ActiveCfg = Debug|Any CPU
		{FC80B39E-52EC-44D0-9C26-589534F5036E}.Debug|x64.Build.0 = Debug|Any CPU
		{FC80B39E-52EC-44D0-9C26-589534F5036E}.Release|x64.ActiveCfg = Release|Any CPU
		{FC80B39E-52EC-44D0-9C26-589534F5036E}.Release|x64.Build.0 = Release|Any CPU
	EndGlobalSection
EndGlobal
